Microsoft Visual Studio Solution File, Format Version 12.00
# Visual Studio Version 16
VisualStudioVersion = 16.0.28902.138
MinimumVisualStudioVersion = 15.0.26124.0
Project("{9A19103F-16F7-4668-BE54-9A1E7A4F7556}") = "BlazingPizza.Server", "BlazingPizza.Server\BlazingPizza.Server.csproj", "{29F85A53-A43B-4B5F-8C11-4FC62CDF19D6}"
EndProject
Project("{9A19103F-16F7-4668-BE54-9A1E7A4F7556}") = "BlazingPizza.Client", "BlazingPizza.Client\BlazingPizza.Client.csproj", "{C33040F6-6F46-4AA2-8A8D-A97C934A0856}"
EndProject
Project("{9A19103F-16F7-4668-BE54-9A1E7A4F7556}") = "BlazingPizza.Shared", "BlazingPizza.Shared\BlazingPizza.Shared.csproj", "{42410116-06C1-4D19-B5FC-BD1F85F918B3}"
EndProject
Project("{9A19103F-16F7-4668-BE54-9A1E7A4F7556}") = "BlazingPizza.ComponentsLibrary", "BlazingPizza.ComponentsLibrary\BlazingPizza.ComponentsLibrary.csproj", "{0C421DC9-9F9A-4C97-9BC5-D959E8840864}"
EndProject
Global
	GlobalSection(SolutionConfigurationPlatforms) = preSolution
		Debug|Any CPU = Debug|Any CPU
		Debug|x64 = Debug|x64
		Debug|x86 = Debug|x86
		Release|Any CPU = Release|Any CPU
		Release|x64 = Release|x64
		Release|x86 = Release|x86
	EndGlobalSection
	GlobalSection(ProjectConfigurationPlatforms) = postSolution
		{29F85A53-A43B-4B5F-8C11-4FC62CDF19D6}.Debug|Any CPU.ActiveCfg = Debug|Any CPU
		{29F85A53-A43B-4B5F-8C11-4FC62CDF19D6}.Debug|Any CPU.Build.0 = Debug|Any CPU
		{29F85A53-A43B-4B5F-8C11-4FC62CDF19D6}.Debug|x64.ActiveCfg = Debug|Any CPU
		{29F85A53-A43B-4B5F-8C11-4FC62CDF19D6}.Debug|x64.Build.0 = Debug|Any CPU
		{29F85A53-A43B-4B5F-8C11-4FC62CDF19D6}.Debug|x86.ActiveCfg = Debug|Any CPU
		{29F85A53-A43B-4B5F-8C11-4FC62CDF19D6}.Debug|x86.Build.0 = Debug|Any CPU
		{29F85A53-A43B-4B5F-8C11-4FC62CDF19D6}.Release|Any CPU.ActiveCfg = Release|Any CPU
		{29F85A53-A43B-4B5F-8C11-4FC62CDF19D6}.Release|Any CPU.Build.0 = Release|Any CPU
		{29F85A53-A43B-4B5F-8C11-4FC62CDF19D6}.Release|x64.ActiveCfg = Release|Any CPU
		{29F85A53-A43B-4B5F-8C11-4FC62CDF19D6}.Release|x64.Build.0 = Release|Any CPU
		{29F85A53-A43B-4B5F-8C11-4FC62CDF19D6}.Release|x86.ActiveCfg = Release|Any CPU
		{29F85A53-A43B-4B5F-8C11-4FC62CDF19D6}.Release|x86.Build.0 = Release|Any CPU
		{C33040F6-6F46-4AA2-8A8D-A97C934A0856}.Debug|Any CPU.ActiveCfg = Debug|Any CPU
		{C33040F6-6F46-4AA2-8A8D-A97C934A0856}.Debug|Any CPU.Build.0 = Debug|Any CPU
		{C33040F6-6F46-4AA2-8A8D-A97C934A0856}.Debug|x64.ActiveCfg = Debug|Any CPU
		{C33040F6-6F46-4AA2-8A8D-A97C934A0856}.Debug|x64.Build.0 = Debug|Any CPU
		{C33040F6-6F46-4AA2-8A8D-A97C934A0856}.Debug|x86.ActiveCfg = Debug|Any CPU
		{C33040F6-6F46-4AA2-8A8D-A97C934A0856}.Debug|x86.Build.0 = Debug|Any CPU
		{C33040F6-6F46-4AA2-8A8D-A97C934A0856}.Release|Any CPU.ActiveCfg = Release|Any CPU
		{C33040F6-6F46-4AA2-8A8D-A97C934A0856}.Release|Any CPU.Build.0 = Release|Any CPU
		{C33040F6-6F46-4AA2-8A8D-A97C934A0856}.Release|x64.ActiveCfg = Release|Any CPU
		{C33040F6-6F46-4AA2-8A8D-A97C934A0856}.Release|x64.Build.0 = Release|Any CPU
		{C33040F6-6F46-4AA2-8A8D-A97C934A0856}.Release|x86.ActiveCfg = Release|Any CPU
		{C33040F6-6F46-4AA2-8A8D-A97C934A0856}.Release|x86.Build.0 = Release|Any CPU
		{42410116-06C1-4D19-B5FC-BD1F85F918B3}.Debug|Any CPU.ActiveCfg = Debug|Any CPU
		{42410116-06C1-4D19-B5FC-BD1F85F918B3}.Debug|Any CPU.Build.0 = Debug|Any CPU
		{42410116-06C1-4D19-B5FC-BD1F85F918B3}.Debug|x64.ActiveCfg = Debug|Any CPU
		{42410116-06C1-4D19-B5FC-BD1F85F918B3}.Debug|x64.Build.0 = Debug|Any CPU
		{42410116-06C1-4D19-B5FC-BD1F85F918B3}.Debug|x86.ActiveCfg = Debug|Any CPU
		{42410116-06C1-4D19-B5FC-BD1F85F918B3}.Debug|x86.Build.0 = Debug|Any CPU
		{42410116-06C1-4D19-B5FC-BD1F85F918B3}.Release|Any CPU.ActiveCfg = Release|Any CPU
		{42410116-06C1-4D19-B5FC-BD1F85F918B3}.Release|Any CPU.Build.0 = Release|Any CPU
		{42410116-06C1-4D19-B5FC-BD1F85F918B3}.Release|x64.ActiveCfg = Release|Any CPU
		{42410116-06C1-4D19-B5FC-BD1F85F918B3}.Release|x64.Build.0 = Release|Any CPU
		{42410116-06C1-4D19-B5FC-BD1F85F918B3}.Release|x86.ActiveCfg = Release|Any CPU
		{42410116-06C1-4D19-B5FC-BD1F85F918B3}.Release|x86.Build.0 = Release|Any CPU
		{0C421DC9-9F9A-4C97-9BC5-D959E8840864}.Debug|Any CPU.ActiveCfg = Debug|Any CPU
		{0C421DC9-9F9A-4C97-9BC5-D959E8840864}.Debug|Any CPU.Build.0 = Debug|Any CPU
		{0C421DC9-9F9A-4C97-9BC5-D959E8840864}.Debug|x64.ActiveCfg = Debug|Any CPU
		{0C421DC9-9F9A-4C97-9BC5-D959E8840864}.Debug|x64.Build.0 = Debug|Any CPU
		{0C421DC9-9F9A-4C97-9BC5-D959E8840864}.Debug|x86.ActiveCfg = Debug|Any CPU
		{0C421DC9-9F9A-4C97-9BC5-D959E8840864}.Debug|x86.Build.0 = Debug|Any CPU
		{0C421DC9-9F9A-4C97-9BC5-D959E8840864}.Release|Any CPU.ActiveCfg = Release|Any CPU
		{0C421DC9-9F9A-4C97-9BC5-D959E8840864}.Release|Any CPU.Build.0 = Release|Any CPU
		{0C421DC9-9F9A-4C97-9BC5-D959E8840864}.Release|x64.ActiveCfg = Release|Any CPU
		{0C421DC9-9F9A-4C97-9BC5-D959E8840864}.Release|x64.Build.0 = Release|Any CPU
		{0C421DC9-9F9A-4C97-9BC5-D959E8840864}.Release|x86.ActiveCfg = Release|Any CPU
		{0C421DC9-9F9A-4C97-9BC5-D959E8840864}.Release|x86.Build.0 = Release|Any CPU
	EndGlobalSection
	GlobalSection(SolutionProperties) = preSolution
		HideSolutionNode = FALSE
	EndGlobalSection
	GlobalSection(ExtensibilityGlobals) = postSolution
		SolutionGuid = {9574C5F7-86D1-4384-85AC-EA7D09B201AD}
	EndGlobalSection
EndGlobal
