
Microsoft Visual Studio Solution File, Format Version 12.00
# Visual Studio Version 17
VisualStudioVersion = 17.5.002.0
MinimumVisualStudioVersion = 10.0.40219.1
Project("{9A19103F-16F7-4668-BE54-9A1E7A4F7556}") = "BlazingPizza.Server", "BlazingPizza.Server.csproj", "{D73BBCF6-9CEE-4067-813A-9B624CA40B14}"
EndProject
Global
	GlobalSection(SolutionConfigurationPlatforms) = preSolution
		Debug|Any CPU = Debug|Any CPU
		Release|Any CPU = Release|Any CPU
	EndGlobalSection
	GlobalSection(ProjectConfigurationPlatforms) = postSolution
		{D73BBCF6-9CEE-4067-813A-9B624CA40B14}.Debug|Any CPU.ActiveCfg = Debug|Any CPU
		{D73BBCF6-9CEE-4067-813A-9B624CA40B14}.Debug|Any CPU.Build.0 = Debug|Any CPU
		{D73BBCF6-9CEE-4067-813A-9B624CA40B14}.Release|Any CPU.ActiveCfg = Release|Any CPU
		{D73BBCF6-9CEE-4067-813A-9B624CA40B14}.Release|Any CPU.Build.0 = Release|Any CPU
	EndGlobalSection
	GlobalSection(SolutionProperties) = preSolution
		HideSolutionNode = FALSE
	EndGlobalSection
	GlobalSection(ExtensibilityGlobals) = postSolution
		SolutionGuid = {3657D7C9-159B-4738-B1E5-2CF183755F86}
	EndGlobalSection
EndGlobal
