
Microsoft Visual Studio Solution File, Format Version 12.00
# Visual Studio Version 17
VisualStudioVersion = 17.5.002.0
MinimumVisualStudioVersion = 10.0.40219.1
Project("{9A19103F-16F7-4668-BE54-9A1E7A4F7556}") = "BlazingPizza.Server", "BlazingPizza.Server.csproj", "{26739F66-24A4-4172-8C55-F993E88E2191}"
EndProject
Global
	GlobalSection(SolutionConfigurationPlatforms) = preSolution
		Debug|Any CPU = Debug|Any CPU
		Release|Any CPU = Release|Any CPU
	EndGlobalSection
	GlobalSection(ProjectConfigurationPlatforms) = postSolution
		{26739F66-24A4-4172-8C55-F993E88E2191}.Debug|Any CPU.ActiveCfg = Debug|Any CPU
		{26739F66-24A4-4172-8C55-F993E88E2191}.Debug|Any CPU.Build.0 = Debug|Any CPU
		{26739F66-24A4-4172-8C55-F993E88E2191}.Release|Any CPU.ActiveCfg = Release|Any CPU
		{26739F66-24A4-4172-8C55-F993E88E2191}.Release|Any CPU.Build.0 = Release|Any CPU
	EndGlobalSection
	GlobalSection(SolutionProperties) = preSolution
		HideSolutionNode = FALSE
	EndGlobalSection
	GlobalSection(ExtensibilityGlobals) = postSolution
		SolutionGuid = {D438A36C-4656-44CC-B5C1-7BAA8D1283A0}
	EndGlobalSection
EndGlobal
